<?xml version="1.0" encoding="utf-8"?>
<Project ToolsVersion="4.0" xmlns="http://schemas.microsoft.com/developer/msbuild/2003">
  <ItemGroup>
    <Filter Include="Source Files">
      <UniqueIdentifier>{4FC737F1-C7A5-4376-A066-2A32D752A2FF}</UniqueIdentifier>
      <Extensions>cpp;c;cc;cxx;c++;cppm;ixx;def;odl;idl;hpj;bat;asm;asmx</Extensions>
    </Filter>
    <Filter Include="Header Files">
      <UniqueIdentifier>{93995380-89BD-4b04-88EB-625FBE52EBFB}</UniqueIdentifier>
      <Extensions>h;hh;hpp;hxx;h++;hm;inl;inc;ipp;xsd</Extensions>
    </Filter>
    <Filter Include="Resource Files">
      <UniqueIdentifier>{67DA6AB6-F800-4c08-8B7A-83BB121AAD01}</UniqueIdentifier>
      <Extensions>rc;ico;cur;bmp;dlg;rc2;rct;bin;rgs;gif;jpg;jpeg;jpe;resx;tiff;tif;png;wav;mfcribbon-ms</Extensions>
    </Filter>
  </ItemGroup>
  <ItemGroup>
    <ClCompile Include="src\main.cpp">
      <Filter>Source Files</Filter>
    </ClCompile>
    <ClCompile Include="src\core\CPU\CPU.cpp">
      <Filter>Source Files</Filter>
    </ClCompile>
    <ClCompile Include="src\memory\memory.cpp">
      <Filter>Source Files</Filter>
    </ClCompile>
    <ClCompile Include="src\bus\bus.cpp">
      <Filter>Source Files</Filter>
    </ClCompile>
    <ClCompile Include="src\decoder\decoder.cpp">
      <Filter>Source Files</Filter>
    </ClCompile>
    <ClCompile Include="src\core\ALU\ALU.cpp">
      <Filter>Source Files</Filter>
    </ClCompile>
    <ClCompile Include="src\system\SysCallHandler.cpp">
      <Filter>Source Files</Filter>
    </ClCompile>
    <ClCompile Include="src\loader\Loader.cpp">
      <Filter>Source Files</Filter>
    </ClCompile>
    <ClCompile Include="src\Assembler\InstructionPacker.cpp">
      <Filter>Source Files</Filter>
    </ClCompile>
    <ClCompile Include="src\Assembler\Assembler.cpp">
      <Filter>Source Files</Filter>
    </ClCompile>
  </ItemGroup>
  <ItemGroup>
    <ClInclude Include="src\core\CPU\CPU.h">
      <Filter>Header Files</Filter>
    </ClInclude>
    <ClInclude Include="src\memory\memory.h">
      <Filter>Header Files</Filter>
    </ClInclude>
    <ClInclude Include="src\bus\bus.h">
      <Filter>Header Files</Filter>
    </ClInclude>
    <ClInclude Include="src\decoder\decoder.h">
      <Filter>Header Files</Filter>
    </ClInclude>
    <ClInclude Include="src\ISA\instructions.h">
      <Filter>Header Files</Filter>
    </ClInclude>
    <ClInclude Include="src\ISA\decodedinstruction.h">
      <Filter>Header Files</Filter>
    </ClInclude>
    <ClInclude Include="src\core\ALU\ALU.h">
      <Filter>Header Files</Filter>
    </ClInclude>
    <ClInclude Include="src\system\SysCallHandler.h">
      <Filter>Header Files</Filter>
    </ClInclude>
    <ClInclude Include="src\exception\HardwareException.h">
      <Filter>Header Files</Filter>
    </ClInclude>
    <ClInclude Include="src\loader\Loader.h">
      <Filter>Header Files</Filter>
    </ClInclude>
    <ClInclude Include="src\exception\AssemblerException.h">
      <Filter>Header Files</Filter>
    </ClInclude>
    <ClInclude Include="src\Assembler\InstructionPacker.h">
      <Filter>Header Files</Filter>
    </ClInclude>
    <ClInclude Include="src\Assembler\Assembler.h">
      <Filter>Header Files</Filter>
    </ClInclude>
    <ClInclude Include="src\Assembler\InstructionTable.h">
      <Filter>Header Files</Filter>
    </ClInclude>
  </ItemGroup>
  <ItemGroup>
    <None Include="src\TEST\programs.txt" />
    <None Include="src\TEST\test01_rtype_add_sub.asm">
      <Filter>Source Files</Filter>
    </None>
    <None Include="src\TEST\test02_rtype_and_or.asm">
      <Filter>Source Files</Filter>
    </None>
    <None Include="src\TEST\test03_rtype_xor.asm">
      <Filter>Source Files</Filter>
    </None>
    <None Include="src\TEST\test04_rtype_shift.asm">
      <Filter>Source Files</Filter>
    </None>
    <None Include="src\TEST\test05_itype_addi.asm">
      <Filter>Source Files</Filter>
    </None>
    <None Include="src\TEST\test07_itype_shift_left_right.asm">
      <Filter>Source Files</Filter>
    </None>
    <None Include="src\TEST\test06_itype_logic.asm">
      <Filter>Source Files</Filter>
    </None>
    <None Include="src\TEST\test08_itype_srai.asm">
      <Filter>Source Files</Filter>
    </None>
    <None Include="src\TEST\test09_branch_beq_bne.asm">
      <Filter>Source Files</Filter>
    </None>
    <None Include="src\TEST\test10_branch_blt.asm">
      <Filter>Source Files</Filter>
    </None>
    <None Include="src\TEST\test11_branch_bge.asm">
      <Filter>Source Files</Filter>
    </None>
    <None Include="src\TEST\test12_memory_lw_sw.asm">
      <Filter>Source Files</Filter>
    </None>
    <None Include="src\TEST\test13_memory_lb_sb.asm">
      <Filter>Source Files</Filter>
    </None>
    <None Include="src\TEST\test14_utype.asm">
      <Filter>Source Files</Filter>
    </None>
    <None Include="src\TEST\test15_jump.asm">
      <Filter>Source Files</Filter>
    </None>
  </ItemGroup>
</Project>